
Microsoft Visual Studio Solution File, Format Version 12.00
# Visual Studio Version 17
VisualStudioVersion = 17.3.32922.545
MinimumVisualStudioVersion = 10.0.40219.1
Project("{FAE04EC0-301F-11D3-BF4B-00C04F79EFBC}") = "clubmembership", "clubmembership\clubmembership.csproj", "{C5D5B8DF-1E77-47F2-9AAF-03A7407FF988}"
EndProject
Global
	GlobalSection(SolutionConfigurationPlatforms) = preSolution
		Debug|Any CPU = Debug|Any CPU
		Release|Any CPU = Release|Any CPU
	EndGlobalSection
	GlobalSection(ProjectConfigurationPlatforms) = postSolution
		{C5D5B8DF-1E77-47F2-9AAF-03A7407FF988}.Debug|Any CPU.ActiveCfg = Debug|Any CPU
		{C5D5B8DF-1E77-47F2-9AAF-03A7407FF988}.Debug|Any CPU.Build.0 = Debug|Any CPU
		{C5D5B8DF-1E77-47F2-9AAF-03A7407FF988}.Release|Any CPU.ActiveCfg = Release|Any CPU
		{C5D5B8DF-1E77-47F2-9AAF-03A7407FF988}.Release|Any CPU.Build.0 = Release|Any CPU
	EndGlobalSection
	GlobalSection(SolutionProperties) = preSolution
		HideSolutionNode = FALSE
	EndGlobalSection
	GlobalSection(ExtensibilityGlobals) = postSolution
		SolutionGuid = {7C61D9C6-8289-4569-A84E-C7B84E3B168F}
	EndGlobalSection
EndGlobal
